github.com/google/go-cmp v0.4.1/go.mod h1:v8dTdLbMG2kIc/vJvl+f65V22dbkXbowE6jgT/gNBxE=
github.com/google/go-cmp v0.5.8 h1:e6P7q2lk1O+qJJb4BtCQXlK8vWEO8V1ZeuEdJNOqZyg=
github.com/google/go-cmp v0.5.8/go.mod h1:17dUlkBOakJ0+DkrSSNjCkIjxS6bF9zb3elmeNGIjoY=
github.com/gorilla/websocket v1.4.2/go.mod h1:YR8l580nyteQvAITg2hZ9XVh4b55+EU/adAjf1fMHhE=
github.com/yourbase/commons v0.9.1 h1:yC/xUsdBz2HewMMMEqh1kVGf3a8uzoDe+hWFloXXRDI=
github.com/yourbase/commons v0.9.1/go.mod h1:Puc7zTNtP4J7cRK9LkAUWYdORUQ0f7ZcgFFu2lxOe4Y=
golang.org/x/xerrors v0.0.0-20191204190536-9bdfabe68543/go.mod h1:I/5z698sn9Ka8TeJc9MKroUUfqBBauWjQqLJ2OPfmY0=
zombiezen.com/go/log v1.0.0/go.mod h1:Eos1rXF8JpgK+h6NYITdTJslqFJJA3SaIJHMU75Sqfg=
